{
  "version": "3",
  "packages": {
    "specifiers": {
      "npm:keychain@1.5.0": "npm:keychain@1.5.0"
    },
    "npm": {
      "keychain@1.5.0": {
        "integrity": "sha512-liyp4r+93RI7EB2jhwaRd4MWfdgHH6shuldkaPMkELCJjMFvOOVXuTvw1pGqFfhsrgA6OqfykWWPQgBjQakVag==",
        "dependencies": {}
      }
    }
  },
  "remote": {
    "https://deno.land/std@0.116.0/fmt/colors.ts": "8368ddf2d48dfe413ffd04cdbb7ae6a1009cf0dccc9c7ff1d76259d9c61a0621",
    "https://deno.land/std@0.116.0/testing/_diff.ts": "e6a10d2aca8d6c27a9c5b8a2dbbf64353874730af539707b5b39d4128140642d",
    "https://deno.land/std@0.116.0/testing/asserts.ts": "a1fef0239a2c343b0baa49c77dcdd7412613c46f3aba2887c331a2d7ed1f645e",
    "https://deno.land/std@0.170.0/_util/asserts.ts": "d0844e9b62510f89ce1f9878b046f6a57bf88f208a10304aab50efcb48365272",
    "https://deno.land/std@0.170.0/_util/os.ts": "8a33345f74990e627b9dfe2de9b040004b08ea5146c7c9e8fe9a29070d193934",
    "https://deno.land/std@0.170.0/encoding/jsonc.ts": "79289a5a8c0d9f82b536dfa1868c135d325791ecb2a38740f635eac17fef554f",
    "https://deno.land/std@0.170.0/fmt/colors.ts": "03ad95e543d2808bc43c17a3dd29d25b43d0f16287fe562a0be89bf632454a12",
    "https://deno.land/std@0.170.0/fmt/duration.ts": "114bedae240d3800752b6be11feb1a6ef78219efc92ee57b98c9eb4a270a8454",
    "https://deno.land/std@0.170.0/path/_constants.ts": "df1db3ffa6dd6d1252cc9617e5d72165cd2483df90e93833e13580687b6083c3",
    "https://deno.land/std@0.170.0/path/_interface.ts": "ee3b431a336b80cf445441109d089b70d87d5e248f4f90ff906820889ecf8d09",
    "https://deno.land/std@0.170.0/path/_util.ts": "d16be2a16e1204b65f9d0dfc54a9bc472cafe5f4a190b3c8471ec2016ccd1677",
    "https://deno.land/std@0.170.0/path/common.ts": "bee563630abd2d97f99d83c96c2fa0cca7cee103e8cb4e7699ec4d5db7bd2633",
    "https://deno.land/std@0.170.0/path/glob.ts": "81cc6c72be002cd546c7a22d1f263f82f63f37fe0035d9726aa96fc8f6e4afa1",
    "https://deno.land/std@0.170.0/path/mod.ts": "cf7cec7ac11b7048bb66af8ae03513e66595c279c65cfa12bfc07d9599608b78",
    "https://deno.land/std@0.170.0/path/posix.ts": "b859684bc4d80edfd4cad0a82371b50c716330bed51143d6dcdbe59e6278b30c",
    "https://deno.land/std@0.170.0/path/separator.ts": "fe1816cb765a8068afb3e8f13ad272351c85cbc739af56dacfc7d93d710fe0f9",
    "https://deno.land/std@0.170.0/path/win32.ts": "7cebd2bda6657371adc00061a1d23fdd87bcdf64b4843bb148b0b24c11b40f69",
    "https://deno.land/std@0.170.0/semver/mod.ts": "7bff23d6165f0f3d3ea9a165afdb3e0c761acb335012f050ab21575c84828b76",
    "https://deno.land/std@0.170.0/streams/text_line_stream.ts": "9c402985714fe454dad6b59df8a6de7bf13fcb7ae027f35226b0b76d90a1dc60",
    "https://deno.land/std@0.194.0/fmt/colors.ts": "d67e3cd9f472535241a8e410d33423980bec45047e343577554d3356e1f0ef4e",
    "https://deno.land/std@0.194.0/testing/_diff.ts": "1a3c044aedf77647d6cac86b798c6417603361b66b54c53331b312caeb447aea",
    "https://deno.land/std@0.194.0/testing/_format.ts": "a69126e8a469009adf4cf2a50af889aca364c349797e63174884a52ff75cf4c7",
    "https://deno.land/std@0.194.0/testing/asserts.ts": "056d571baaefc7f13af3e29ad6a66d4dbe5355d3cb2ae130e7d2a1b1e01085e3",
    "https://deno.land/std@0.195.0/assert/assert.ts": "9a97dad6d98c238938e7540736b826440ad8c1c1e54430ca4c4e623e585607ee",
    "https://deno.land/std@0.195.0/assert/assertion_error.ts": "4d0bde9b374dfbcbe8ac23f54f567b77024fb67dbb1906a852d67fe050d42f56",
    "https://deno.land/std@0.195.0/flags/mod.ts": "a5ac18af6583404f21ea03771f8816669d901e0ff4374020870334d6f61d73d5",
    "https://deno.land/std@0.97.0/fmt/colors.ts": "db22b314a2ae9430ae7460ce005e0a7130e23ae1c999157e3bb77cf55800f7e4",
    "https://deno.land/x/tty@0.1.4/ansi_regex.ts": "1d3b0c7289164f93c9ebafe3bbd05a723568a250cc5c29c0cc922ff55af9a238",
    "https://deno.land/x/tty@0.1.4/combining.ts": "a615e9479d8bc901e3a727e5cae83c0aa1d4ca1e75fa040861d9905d16b30ffc",
    "https://deno.land/x/tty@0.1.4/is_interactive.ts": "37080d92399827215e60a57d97013aefbdbc038e7a5d2346abd298a7010525e6",
    "https://deno.land/x/tty@0.1.4/mod.ts": "65f44c03d7c3daee2b87c6a2a20b0653dec9e3b4ece8183bb0a82233a0e05ff0",
    "https://deno.land/x/tty@0.1.4/strip_ansi.ts": "6671d8d44da192a713aac06fb9a0959a3c0b11a161438fdf540856e2208857d9",
    "https://deno.land/x/tty@0.1.4/tty_async.ts": "cbcdc8132754084153680dd3fbc73acb58e0b9232aff09897a46edcf6f637967",
    "https://deno.land/x/tty@0.1.4/tty_sync.ts": "ad5d986dbd561e5768c49bf48a54580521bdfe95aa41869e8c84d99dbae0ff08",
    "https://deno.land/x/tty@0.1.4/util.ts": "fd50eb009b46f01461f3d38decaf4366c4970bbd818edc39b58a574efe67dbb7",
    "https://deno.land/x/tty@0.1.4/wcwidth.ts": "ab712adbbe4a07c27cc0ab89b99c3a77d28fe911c0fd1c8cebd867efc1fb4416",
    "https://deno.land/x/tui@2.1.6/mod.ts": "b32347385f2efc7dd90a9e5f6386fded9bde505e3f1c4b07b8509c77206d15a6",
    "https://deno.land/x/tui@2.1.6/src/canvas/box.ts": "3f6a41af65942b069795d895c2a73d039a83ba35c01b5236ea88d1de65ba3ebf",
    "https://deno.land/x/tui@2.1.6/src/canvas/canvas.ts": "31daa080882956f19f5bf8a6b52f7a946ebc34bdba103b007ce4e73c2b922409",
    "https://deno.land/x/tui@2.1.6/src/canvas/draw_object.ts": "2b8a48f10c343aee61d9dc7f00ea7917119ea41374a994e1db7b5b1ee188f0f8",
    "https://deno.land/x/tui@2.1.6/src/canvas/mod.ts": "9da429bfb1d4f53eed661c3e2a2ae4b610380526597aa5f35a6604b810a83ac7",
    "https://deno.land/x/tui@2.1.6/src/canvas/text.ts": "e6c0f5ecb985a037e55397810bc212bae206240acd3e2b15fb786ae2746abdea",
    "https://deno.land/x/tui@2.1.6/src/component.ts": "d7a35cd1a4bc8a6177b047595c86e1df3418b340701e343ee83a08ac7a8005de",
    "https://deno.land/x/tui@2.1.6/src/components/box.ts": "bc0be923353e6b146dd5275097d5c12606f4e966cf9e1386f5482c2d49320be7",
    "https://deno.land/x/tui@2.1.6/src/components/button.ts": "90128d9f919a4506c2324a2c49c029f7fb7dd4872ea2b7df45505a01c125d660",
    "https://deno.land/x/tui@2.1.6/src/components/checkbox.ts": "d185ceb9a3508b62311fb9b553e4da4282932a763c4494e76f1f221afbf95e9c",
    "https://deno.land/x/tui@2.1.6/src/components/combobox.ts": "3e52c6c41afb12d6721ebe9a2c22cbaa4ccba8f752b018762c866403985eaf33",
    "https://deno.land/x/tui@2.1.6/src/components/frame.ts": "e2f1a5c67a52a3a06243af461f8418ebf68e3c84c9c3ac6a59d6996e88941d11",
    "https://deno.land/x/tui@2.1.6/src/components/input.ts": "e1df616d36b2d1df3202947e2cd5176bc9c7b966219db0ed2cc2932a112b8daf",
    "https://deno.land/x/tui@2.1.6/src/components/label.ts": "c6d82665745a0251f7cfcc50ca96163faf8f82cd4e54fe82f4df9558043d8ef4",
    "https://deno.land/x/tui@2.1.6/src/components/mod.ts": "3b43cf7fe523a877a2fddbb7c42d64db886debe491a6bc664c0d67b1ed3ef9a5",
    "https://deno.land/x/tui@2.1.6/src/components/progressbar.ts": "3e58aa1d00b59149ba6309f4bf23bde6151fcac264ac3294369181cabd9faaba",
    "https://deno.land/x/tui@2.1.6/src/components/slider.ts": "d88565a13eb9f2c55d1343889f0bb9af525edc1bd200c8ba43b5b174efec9cbe",
    "https://deno.land/x/tui@2.1.6/src/components/table.ts": "7e7f27a7a365674e3360062edf91fc40585c255cb405fd69390b64e0b4e89529",
    "https://deno.land/x/tui@2.1.6/src/components/text.ts": "ea9b427d0bd056cded424bebf73ece62c3b7257651db80b82a51482a801a4f4f",
    "https://deno.land/x/tui@2.1.6/src/components/textbox.ts": "c8799b13c0fc8ba22d9a0dcf4d8917abf991f73a8e0475ea07c9638eeb524f8d",
    "https://deno.land/x/tui@2.1.6/src/controls.ts": "1dc43bb0a98ab49d9a139daa27277928d5c507a68191b417f581467b8634f5f7",
    "https://deno.land/x/tui@2.1.6/src/event_emitter.ts": "e4ee1de2037c89952c5c4c54dc336b7992024f0cb41c9e49229944e773386824",
    "https://deno.land/x/tui@2.1.6/src/input.ts": "4ddc4049718847b2f76c2d022b740694ed50f958c2c42bb3a2eacfe0b0d83b0d",
    "https://deno.land/x/tui@2.1.6/src/input_reader/decoders/keyboard.ts": "70d4f54605a650612601e654bc28a5d4260374a893e27b8a86fe7181cb626377",
    "https://deno.land/x/tui@2.1.6/src/input_reader/decoders/mouse.ts": "a119c6261a27fb9b5e1711ba3d5161c45eac5615ea0aa739e4e6bca759434e6e",
    "https://deno.land/x/tui@2.1.6/src/input_reader/mod.ts": "4213a920c69fd51badd1091fe7c61eff1bd1ead32659785c16f976ae377491cc",
    "https://deno.land/x/tui@2.1.6/src/input_reader/types.ts": "c940a6d656b2fbdc051c2e0508f8eeefa322dd16e60fc6a3bac8d1e9337f7d6c",
    "https://deno.land/x/tui@2.1.6/src/layout/errors.ts": "3df98a8f7747657fd252f602b26e9b5ee130dbfb236bcb4b2d2c912d7ae1eef9",
    "https://deno.land/x/tui@2.1.6/src/layout/grid_layout.ts": "7b2fca94d1a074c61d838c36800dca47f518f720c6539a33d0ad674081a29a76",
    "https://deno.land/x/tui@2.1.6/src/layout/horizontal_layout.ts": "e2ea27519c44c124cb228f19d4b14aa314e7db2cc92ef83fccfa146ced29d4e4",
    "https://deno.land/x/tui@2.1.6/src/layout/mod.ts": "65381a8dd7e8f6287742ebeffef866ae98932d16daf3ea3325f0180b37e327b8",
    "https://deno.land/x/tui@2.1.6/src/layout/types.ts": "ebc78ef4adbf802a49f5319474d81183a2b9edc2947443d9f40f23c4730e16f3",
    "https://deno.land/x/tui@2.1.6/src/layout/vertical_layout.ts": "41f1ec4b897a0f45478b6392f0c74d0c010a74693b99f36f532c85d5525dfca0",
    "https://deno.land/x/tui@2.1.6/src/signals/computed.ts": "824428cfda7c9e4a6aed8caee32a9aa62cd257fac9e7ca64d54c99a15ea56019",
    "https://deno.land/x/tui@2.1.6/src/signals/dependency_tracking.ts": "b89e933a912e8c32881e13ba1555201ec22cc0be69600862ff824f72f1bd6d55",
    "https://deno.land/x/tui@2.1.6/src/signals/effect.ts": "b478ca6469a151e93970679108e01a786b6e121023294d15b7293476161ec049",
    "https://deno.land/x/tui@2.1.6/src/signals/flusher.ts": "b47eeca9547a39487bef56ab82272f050883474995d5e92191296aec936180cb",
    "https://deno.land/x/tui@2.1.6/src/signals/lazy_computed.ts": "b4653efd855ce920657510b4cd086c58a8c72be6511465e3234f4e0b134bb9c6",
    "https://deno.land/x/tui@2.1.6/src/signals/lazy_effect.ts": "b8bdebf29d4b5ae204bc8c0300f03d9c60ff097aef28e0df6515665497b919f0",
    "https://deno.land/x/tui@2.1.6/src/signals/mod.ts": "e76b1303c74c257956d29f9169f3f12af410a0e8540c7a467e5405ba839cc431",
    "https://deno.land/x/tui@2.1.6/src/signals/reactivity.ts": "935305443e367b581a88e12f3bae48b6844e66d61a0ad70e35f616cdce524453",
    "https://deno.land/x/tui@2.1.6/src/signals/signal.ts": "5f351000a3316196ac3836fd9f3ef2a708aec85713df720a01c853d4859060be",
    "https://deno.land/x/tui@2.1.6/src/signals/types.ts": "e04d088a849a58d184c30420fec9ab3726985e3bcbe2cdc1b4bbc218fb299dbe",
    "https://deno.land/x/tui@2.1.6/src/theme.ts": "87f3da7e6a5bbbeb04c3c5384069225c244bcce0bac833a87828c5208af07cfc",
    "https://deno.land/x/tui@2.1.6/src/tui.ts": "d6c2b71aabd20f2673d5338bef3c310c322dc8e696850ce26b7519efee3e960b",
    "https://deno.land/x/tui@2.1.6/src/types.ts": "7e39e8c59a1d28e379e54455dd7d7bb1a349191970d9af8d47a74b590e0de401",
    "https://deno.land/x/tui@2.1.6/src/utils/ansi_codes.ts": "be83f249ab09d33b64540adda5191c58580d386cc7627b8d10ea3363c9a6d23d",
    "https://deno.land/x/tui@2.1.6/src/utils/async.ts": "3f3bfe526c05467313237c434bc951a02344935dba61fe7b4e14d818d03ba1ca",
    "https://deno.land/x/tui@2.1.6/src/utils/component.ts": "a7f5396b480c7ed437c5e08ec56c3e5c85a55963ee8520c2e5cc7a185577f1a3",
    "https://deno.land/x/tui@2.1.6/src/utils/mod.ts": "4daef102e2406625f32faf08d238b702a26b3dc87232c35e97a215b9dbf9e781",
    "https://deno.land/x/tui@2.1.6/src/utils/numbers.ts": "9d4322b7a184e111184f37507ccdf0d4a29ee7eb8f2ce8f942f078bd165f8941",
    "https://deno.land/x/tui@2.1.6/src/utils/signals.ts": "a78893aa2e379468df65045a4d1f45e0111237b24e18c19bf5a92b6ee9074c4a",
    "https://deno.land/x/tui@2.1.6/src/utils/sorted_array.ts": "d7b55e9c6489102fbee46d632040449f960f2ed3ae0d6bc3326e6d6ec1450d97",
    "https://deno.land/x/tui@2.1.6/src/utils/strings.ts": "6eff09ec0cf58aee239df3ca41d55f22694cdb4bc73b213a9066f11b65218419",
    "https://deno.land/x/tui@2.1.6/src/view.ts": "77c9dfdb3632f95c2456036c5e30f90cfbbad62cbb4f370cba48b992523aa619",
    "https://deno.land/x/wait@0.1.12/deps.ts": "5e26f3a59058cd8870ff0168340a1808c13fef289940ecc8c96e46a89a17514d",
    "https://deno.land/x/wait@0.1.12/log_symbols.ts": "cdf2d0aa44754d10fddd55999e933886a4d753f2acfc1219f629427ccc776ac7",
    "https://deno.land/x/wait@0.1.12/mod.ts": "83211441439cd0f794f4e95fbb6c766929dd6886169100d3bdf2ea1ea5e3adfe",
    "https://deno.land/x/wait@0.1.12/spinners.ts": "289346d54f8d6152a5dcd67b67e47784cf9b7a8a8f6f0b6dc041ebc2ef6bb76c"
  }
}
