{
  "version": "3",
  "packages": {
    "specifiers": {
      "jsr:@std/assert@^0.217.0": "jsr:@std/assert@0.217.0",
      "jsr:@std/async@0.217": "jsr:@std/async@0.217.0",
      "jsr:@std/encoding@0.217": "jsr:@std/encoding@0.217.0",
      "jsr:@std/flags@0.217": "jsr:@std/flags@0.217.0",
      "jsr:@std/flags@0.217.0": "jsr:@std/flags@0.217.0",
      "jsr:@std/fmt@0.217": "jsr:@std/fmt@0.217.0",
      "jsr:@std/json@^0.217.0": "jsr:@std/json@0.217.0",
      "jsr:@std/jsonc@0.217": "jsr:@std/jsonc@0.217.0",
      "jsr:@std/path@0.217": "jsr:@std/path@0.217.0",
      "jsr:@std/semver@0.217": "jsr:@std/semver@0.217.0",
      "jsr:@std/streams@0.217": "jsr:@std/streams@0.217.0",
      "npm:keychain@1.5.0": "npm:keychain@1.5.0"
    },
    "jsr": {
      "@std/assert@0.217.0": {
        "integrity": "c98e279362ca6982d5285c3b89517b757c1e3477ee9f14eb2fdf80a45aaa9642"
      },
      "@std/async@0.217.0": {
        "integrity": "14dac94f59595e39e519de379c47170d8bbedea253824c4b167108aa943ddb69",
        "dependencies": [
          "jsr:@std/assert@^0.217.0"
        ]
      },
      "@std/encoding@0.217.0": {
        "integrity": "b03e8ff94c98d6b6a02c02c5cf8e5d203400155516248964fc4559abc04669dc"
      },
      "@std/flags@0.217.0": {
        "integrity": "2d67502692d76cfe37fba1c4a92d0a5fe0a6f9601900fd7c510936b0e4e0242e",
        "dependencies": [
          "jsr:@std/assert@^0.217.0"
        ]
      },
      "@std/fmt@0.217.0": {
        "integrity": "cb99f82500b8da20202fedfa8bb94dd0222e81f0494ed9087de20ee3d8a39a8d"
      },
      "@std/json@0.217.0": {
        "integrity": "173f1156d23d11095b6ff7df6266c80e8f83afcd9a6af1731ec301f485806986"
      },
      "@std/jsonc@0.217.0": {
        "integrity": "125c47f36ef8160e1b4fd5bff096e8f0ea3f49bea197de5b182eb130bb8a527c",
        "dependencies": [
          "jsr:@std/assert@^0.217.0",
          "jsr:@std/json@^0.217.0"
        ]
      },
      "@std/path@0.217.0": {
        "integrity": "1217cc25534bca9a2f672d7fe7c6f356e4027df400c0e85c0ef3e4343bc67d11",
        "dependencies": [
          "jsr:@std/assert@^0.217.0"
        ]
      },
      "@std/semver@0.217.0": {
        "integrity": "c1ba42cdcaacf610f1a62ec2256ab29765a73fede65120214c3acb9c85ed3d35"
      },
      "@std/streams@0.217.0": {
        "integrity": "b4a6de703d6aa59c4777f89fc002e82b8401dada44d1e6f7e916664c1e6cfd36"
      }
    },
    "npm": {
      "keychain@1.5.0": {
        "integrity": "sha512-liyp4r+93RI7EB2jhwaRd4MWfdgHH6shuldkaPMkELCJjMFvOOVXuTvw1pGqFfhsrgA6OqfykWWPQgBjQakVag==",
        "dependencies": {}
      }
    }
  },
  "remote": {
    "https://raw.githubusercontent.com/denosaurs/wait/453df8babdd72c59d865c5a616c5b04ee1154b9f/deps.ts": "df762b698a00cd71463cf24cea0737d5ae49f50957c9cfcc15f7e15a5a5cad9f",
    "https://raw.githubusercontent.com/denosaurs/wait/453df8babdd72c59d865c5a616c5b04ee1154b9f/log_symbols.ts": "cdf2d0aa44754d10fddd55999e933886a4d753f2acfc1219f629427ccc776ac7",
    "https://raw.githubusercontent.com/denosaurs/wait/453df8babdd72c59d865c5a616c5b04ee1154b9f/mod.ts": "cfe3274f577013eb17199b9af74bb76cf2cbef225b91b5d2eee651c4906a1fcb",
    "https://raw.githubusercontent.com/denosaurs/wait/453df8babdd72c59d865c5a616c5b04ee1154b9f/spinners.ts": "289346d54f8d6152a5dcd67b67e47784cf9b7a8a8f6f0b6dc041ebc2ef6bb76c"
  }
}
